
Microsoft Visual Studio Solution File, Format Version 12.00
# Visual Studio Version 16
VisualStudioVersion = 25.0.1704.4
MinimumVisualStudioVersion = 10.0.40219.1
Project("{FAE04EC0-301F-11D3-BF4B-00C04F79EFBC}") = "affection-backend", "affection-backend\affection-backend.csproj", "{F6856DEC-27BD-4E63-AA34-C559F2525647}"
EndProject
Global
	GlobalSection(SolutionConfigurationPlatforms) = preSolution
		Debug|Any CPU = Debug|Any CPU
		Release|Any CPU = Release|Any CPU
	EndGlobalSection
	GlobalSection(ProjectConfigurationPlatforms) = postSolution
		{F6856DEC-27BD-4E63-AA34-C559F2525647}.Debug|Any CPU.ActiveCfg = Debug|Any CPU
		{F6856DEC-27BD-4E63-AA34-C559F2525647}.Debug|Any CPU.Build.0 = Debug|Any CPU
		{F6856DEC-27BD-4E63-AA34-C559F2525647}.Release|Any CPU.ActiveCfg = Release|Any CPU
		{F6856DEC-27BD-4E63-AA34-C559F2525647}.Release|Any CPU.Build.0 = Release|Any CPU
	EndGlobalSection
	GlobalSection(SolutionProperties) = preSolution
		HideSolutionNode = FALSE
	EndGlobalSection
	GlobalSection(ExtensibilityGlobals) = postSolution
		SolutionGuid = {BA9CF858-C720-4B39-9EA6-942FFAEDF5C3}
	EndGlobalSection
EndGlobal
